# This file is autogenerated, do not edit; changes may be undone by the next 'dep ensure'.


[[projects]]
  name = "github.com/Unknwon/com"
  packages = ["."]
  revision = "28b053d5a2923b87ce8c5a08f3af779894a72758"
  version = "v1"

[[projects]]
  branch = "master"
  name = "github.com/go-macaron/inject"
  packages = ["."]
  revision = "d8a0b8677191f4380287cfebd08e462217bac7ad"

[[projects]]
  name = "github.com/go-macaron/macaron"
  packages = ["."]
  revision = "78521e4647ad5dcbabd5734d94582ca2373cbad8"
  version = "v1.2.0"

[[projects]]
  branch = "master"
  name = "github.com/go-macaron/session"
  packages = ["."]
  revision = "b8e286a0dba8f4999042d6b258daf51b31d08938"

[[projects]]
  name = "github.com/urfave/cli"
  packages = ["."]
  revision = "cfb38830724cc34fedffe9a2a29fb54fa9169cd1"
  version = "v1.20.0"

[[projects]]
  name = "gopkg.in/ini.v1"
  packages = ["."]
  revision = "358ee7663966325963d4e8b2e1fbd570c5195153"
  version = "v1.38.1"

[[projects]]
  name = "gopkg.in/macaron.v1"
  packages = ["."]
  revision = "78521e4647ad5dcbabd5734d94582ca2373cbad8"
  version = "v1.2.0"

[solve-meta]
  analyzer-name = "dep"
  analyzer-version = 1
  inputs-digest = "24acadfd934e59092d0488824f8eb9d7290f3b63267b03ce118ec694f9f82aea"
  solver-name = "gps-cdcl"
  solver-version = 1
